# This file is autogenerated, do not edit; changes may be undone by the next 'dep ensure'.


[[projects]]
  branch = "master"
  name = "github.com/packethost/packngo"
  packages = [
    ".",
    "metadata"
  ]
  revision = "95039464827381cb3f66f5dfb1b5ad3e18cf052b"

[solve-meta]
  analyzer-name = "dep"
  analyzer-version = 1
  inputs-digest = "b78cd2d45b857f53bc145b262d641ec537538e455b86cfca228f97874787455c"
  solver-name = "gps-cdcl"
  solver-version = 1
